
Microsoft Visual Studio Solution File, Format Version 12.00
# Visual Studio 2012
Project("{FAE04EC0-301F-11D3-BF4B-00C04F79EFBC}") = "Web.UI", "Web.UI\Web.UI.csproj", "{9DB8A2FF-68C0-43A4-AC1B-E1C00A34EF15}"
EndProject
Project("{FAE04EC0-301F-11D3-BF4B-00C04F79EFBC}") = "Aries.Logic", "Aries.Logic\Aries.Logic.csproj", "{947B169E-24DD-4C32-9E82-54FE446A853F}"
EndProject
Project("{FAE04EC0-301F-11D3-BF4B-00C04F79EFBC}") = "Aries.Controllers", "Aries.Controllers\Aries.Controllers.csproj", "{B9A50B28-C8E1-421C-83D8-050A489F24BF}"
EndProject
Global
	GlobalSection(SolutionConfigurationPlatforms) = preSolution
		Debug|Any CPU = Debug|Any CPU
		Release|Any CPU = Release|Any CPU
	EndGlobalSection
	GlobalSection(ProjectConfigurationPlatforms) = postSolution
		{9DB8A2FF-68C0-43A4-AC1B-E1C00A34EF15}.Debug|Any CPU.ActiveCfg = Debug|Any CPU
		{9DB8A2FF-68C0-43A4-AC1B-E1C00A34EF15}.Debug|Any CPU.Build.0 = Debug|Any CPU
		{9DB8A2FF-68C0-43A4-AC1B-E1C00A34EF15}.Release|Any CPU.ActiveCfg = Release|Any CPU
		{9DB8A2FF-68C0-43A4-AC1B-E1C00A34EF15}.Release|Any CPU.Build.0 = Release|Any CPU
		{947B169E-24DD-4C32-9E82-54FE446A853F}.Debug|Any CPU.ActiveCfg = Debug|Any CPU
		{947B169E-24DD-4C32-9E82-54FE446A853F}.Debug|Any CPU.Build.0 = Debug|Any CPU
		{947B169E-24DD-4C32-9E82-54FE446A853F}.Release|Any CPU.ActiveCfg = Release|Any CPU
		{947B169E-24DD-4C32-9E82-54FE446A853F}.Release|Any CPU.Build.0 = Release|Any CPU
		{B9A50B28-C8E1-421C-83D8-050A489F24BF}.Debug|Any CPU.ActiveCfg = Debug|Any CPU
		{B9A50B28-C8E1-421C-83D8-050A489F24BF}.Debug|Any CPU.Build.0 = Debug|Any CPU
		{B9A50B28-C8E1-421C-83D8-050A489F24BF}.Release|Any CPU.ActiveCfg = Release|Any CPU
		{B9A50B28-C8E1-421C-83D8-050A489F24BF}.Release|Any CPU.Build.0 = Release|Any CPU
	EndGlobalSection
	GlobalSection(SolutionProperties) = preSolution
		HideSolutionNode = FALSE
	EndGlobalSection
	GlobalSection(SubversionScc) = preSolution
		Svn-Managed = True
		Manager = AnkhSVN - Subversion Support for Visual Studio
	EndGlobalSection
EndGlobal
